<Solution>
  <Project Path="jeugdcrossdata/jeugdcrossdata.csproj" />
  <Project Path="JeugdcrossKlassement/jeugdcrossklassement.esproj">
    <Build />
    <Deploy />
  </Project>
  <Project Path="JeugdcrossCompetitie/jeugdcrosscompetitie.esproj">
    <Build />
    <Deploy />
  </Project>
</Solution>
